<?xml version="1.0" encoding="utf-8"?>
<Project ToolsVersion="4.0" xmlns="http://schemas.microsoft.com/developer/msbuild/2003">
  <ItemGroup>
    <Filter Include="소스 파일">
      <UniqueIdentifier>{4FC737F1-C7A5-4376-A066-2A32D752A2FF}</UniqueIdentifier>
      <Extensions>cpp;c;cc;cxx;c++;cppm;ixx;def;odl;idl;hpj;bat;asm;asmx</Extensions>
    </Filter>
    <Filter Include="헤더 파일">
      <UniqueIdentifier>{93995380-89BD-4b04-88EB-625FBE52EBFB}</UniqueIdentifier>
      <Extensions>h;hh;hpp;hxx;h++;hm;inl;inc;ipp;xsd</Extensions>
    </Filter>
    <Filter Include="리소스 파일">
      <UniqueIdentifier>{67DA6AB6-F800-4c08-8B7A-83BB121AAD01}</UniqueIdentifier>
      <Extensions>rc;ico;cur;bmp;dlg;rc2;rct;bin;rgs;gif;jpg;jpeg;jpe;resx;tiff;tif;png;wav;mfcribbon-ms</Extensions>
    </Filter>
    <Filter Include="소스 파일\BarkingDog">
      <UniqueIdentifier>{9c578f61-2bd4-4d3f-af0a-ee2060a88422}</UniqueIdentifier>
    </Filter>
    <Filter Include="소스 파일\BarkingDog\0x03">
      <UniqueIdentifier>{f8603c57-8232-4eb1-8e09-008e23821f69}</UniqueIdentifier>
    </Filter>
    <Filter Include="소스 파일\BarkingDog\0x04">
      <UniqueIdentifier>{f7bfe6fe-1277-42a1-8476-1cbece1f2e36}</UniqueIdentifier>
    </Filter>
    <Filter Include="소스 파일\BarkingDog\0x05">
      <UniqueIdentifier>{61ddf4cd-6743-4c92-b75e-2712c1ab6f7b}</UniqueIdentifier>
    </Filter>
    <Filter Include="소스 파일\BarkingDog\0x06">
      <UniqueIdentifier>{8181b27c-fe1b-4f0d-8411-977be4ba63ba}</UniqueIdentifier>
    </Filter>
    <Filter Include="소스 파일\BarkingDog\0x07">
      <UniqueIdentifier>{cc04143d-1e94-4cf3-a4c9-4aeaf4b9f036}</UniqueIdentifier>
    </Filter>
  </ItemGroup>
  <ItemGroup>
    <ClCompile Include="1002.cpp">
      <Filter>소스 파일</Filter>
    </ClCompile>
    <ClCompile Include="1026.cpp">
      <Filter>소스 파일</Filter>
    </ClCompile>
    <ClCompile Include="1463.cpp">
      <Filter>소스 파일</Filter>
    </ClCompile>
    <ClCompile Include="1764.cpp">
      <Filter>소스 파일</Filter>
    </ClCompile>
    <ClCompile Include="18110.cpp">
      <Filter>소스 파일</Filter>
    </ClCompile>
    <ClCompile Include="1966.cpp">
      <Filter>소스 파일</Filter>
    </ClCompile>
    <ClCompile Include="2023.-2-off.cpp">
      <Filter>소스 파일</Filter>
    </ClCompile>
    <ClCompile Include="2023-2-on.cpp">
      <Filter>소스 파일</Filter>
    </ClCompile>
    <ClCompile Include="2024-1-off.cpp">
      <Filter>소스 파일</Filter>
    </ClCompile>
    <ClCompile Include="2024-1-on.cpp">
      <Filter>소스 파일</Filter>
    </ClCompile>
    <ClCompile Include="2257.cpp">
      <Filter>소스 파일</Filter>
    </ClCompile>
    <ClCompile Include="3986.cpp">
      <Filter>소스 파일</Filter>
    </ClCompile>
    <ClCompile Include="4949.cpp">
      <Filter>소스 파일</Filter>
    </ClCompile>
    <ClCompile Include="10876.cpp">
      <Filter>소스 파일</Filter>
    </ClCompile>
    <ClCompile Include="11399.cpp">
      <Filter>소스 파일</Filter>
    </ClCompile>
    <ClCompile Include="11656.cpp">
      <Filter>소스 파일</Filter>
    </ClCompile>
    <ClCompile Include="11723.cpp">
      <Filter>소스 파일</Filter>
    </ClCompile>
    <ClCompile Include="16960.cpp">
      <Filter>소스 파일</Filter>
    </ClCompile>
    <ClCompile Include="17388.cpp">
      <Filter>소스 파일</Filter>
    </ClCompile>
    <ClCompile Include="26150.cpp">
      <Filter>소스 파일</Filter>
    </ClCompile>
    <ClCompile Include="28250.cpp">
      <Filter>소스 파일</Filter>
    </ClCompile>
    <ClCompile Include="28256.cpp">
      <Filter>소스 파일</Filter>
    </ClCompile>
    <ClCompile Include="31824.cpp">
      <Filter>소스 파일</Filter>
    </ClCompile>
    <ClCompile Include="base.cpp">
      <Filter>소스 파일</Filter>
    </ClCompile>
    <ClCompile Include="1316.cpp">
      <Filter>소스 파일</Filter>
    </ClCompile>
    <ClCompile Include="11279.cpp">
      <Filter>소스 파일</Filter>
    </ClCompile>
    <ClCompile Include="1927.cpp">
      <Filter>소스 파일</Filter>
    </ClCompile>
    <ClCompile Include="9625.cpp">
      <Filter>소스 파일</Filter>
    </ClCompile>
    <ClCompile Include="9507.cpp">
      <Filter>소스 파일</Filter>
    </ClCompile>
    <ClCompile Include="5347.cpp">
      <Filter>소스 파일</Filter>
    </ClCompile>
    <ClCompile Include="11536.cpp">
      <Filter>소스 파일</Filter>
    </ClCompile>
    <ClCompile Include="9659.cpp">
      <Filter>소스 파일</Filter>
    </ClCompile>
    <ClCompile Include="2941.cpp">
      <Filter>소스 파일</Filter>
    </ClCompile>
    <ClCompile Include="1431.cpp">
      <Filter>소스 파일</Filter>
    </ClCompile>
    <ClCompile Include="1748.cpp">
      <Filter>소스 파일</Filter>
    </ClCompile>
    <ClCompile Include="10974.cpp">
      <Filter>소스 파일</Filter>
    </ClCompile>
    <ClCompile Include="array_test.cpp">
      <Filter>소스 파일\BarkingDog\0x03</Filter>
    </ClCompile>
    <ClCompile Include="10808.cpp">
      <Filter>소스 파일\BarkingDog\0x03</Filter>
    </ClCompile>
    <ClCompile Include="2577.cpp">
      <Filter>소스 파일\BarkingDog\0x03</Filter>
    </ClCompile>
    <ClCompile Include="10807.cpp">
      <Filter>소스 파일\BarkingDog\0x03</Filter>
    </ClCompile>
    <ClCompile Include="1475.cpp">
      <Filter>소스 파일\BarkingDog\0x03</Filter>
    </ClCompile>
    <ClCompile Include="3273.cpp">
      <Filter>소스 파일\BarkingDog\0x03</Filter>
    </ClCompile>
    <ClCompile Include="13300.cpp">
      <Filter>소스 파일\BarkingDog\0x03</Filter>
    </ClCompile>
    <ClCompile Include="11328.cpp">
      <Filter>소스 파일\BarkingDog\0x03</Filter>
    </ClCompile>
    <ClCompile Include="1919.cpp">
      <Filter>소스 파일\BarkingDog\0x03</Filter>
    </ClCompile>
    <ClCompile Include="..\..\Users\kevin\Downloads\linked_list_test.cpp">
      <Filter>소스 파일\BarkingDog\0x04</Filter>
    </ClCompile>
    <ClCompile Include="1406_STL.cpp">
      <Filter>소스 파일\BarkingDog\0x04</Filter>
    </ClCompile>
    <ClCompile Include="1406_야매.cpp">
      <Filter>소스 파일\BarkingDog\0x04</Filter>
    </ClCompile>
    <ClCompile Include="5397.cpp">
      <Filter>소스 파일\BarkingDog\0x04</Filter>
    </ClCompile>
    <ClCompile Include="1158.cpp">
      <Filter>소스 파일\BarkingDog\0x04</Filter>
    </ClCompile>
    <ClCompile Include="stack_test.cpp">
      <Filter>소스 파일\BarkingDog\0x05</Filter>
    </ClCompile>
    <ClCompile Include="10828.cpp">
      <Filter>소스 파일\BarkingDog\0x05</Filter>
    </ClCompile>
    <ClCompile Include="10773.cpp">
      <Filter>소스 파일\BarkingDog\0x05</Filter>
    </ClCompile>
    <ClCompile Include="1874.cpp">
      <Filter>소스 파일\BarkingDog\0x05</Filter>
    </ClCompile>
    <ClCompile Include="2493.cpp">
      <Filter>소스 파일\BarkingDog\0x05</Filter>
    </ClCompile>
    <ClCompile Include="6193.cpp">
      <Filter>소스 파일\BarkingDog\0x05</Filter>
    </ClCompile>
    <ClCompile Include="17298.cpp">
      <Filter>소스 파일\BarkingDog\0x05</Filter>
    </ClCompile>
    <ClCompile Include="3015.cpp">
      <Filter>소스 파일\BarkingDog\0x05</Filter>
    </ClCompile>
    <ClCompile Include="queue_test.cpp">
      <Filter>소스 파일\BarkingDog\0x06</Filter>
    </ClCompile>
    <ClCompile Include="10845.cpp">
      <Filter>소스 파일\BarkingDog\0x06</Filter>
    </ClCompile>
    <ClCompile Include="18258.cpp">
      <Filter>소스 파일\BarkingDog\0x06</Filter>
    </ClCompile>
    <ClCompile Include="2164.cpp">
      <Filter>소스 파일\BarkingDog\0x06</Filter>
    </ClCompile>
    <ClCompile Include="deque_test.cpp">
      <Filter>소스 파일\BarkingDog\0x07</Filter>
    </ClCompile>
    <ClCompile Include="10866.cpp">
      <Filter>소스 파일\BarkingDog\0x07</Filter>
    </ClCompile>
    <ClCompile Include="1021.cpp">
      <Filter>소스 파일\BarkingDog\0x07</Filter>
    </ClCompile>
  </ItemGroup>
  <ItemGroup>
    <ClInclude Include="resource.h">
      <Filter>헤더 파일</Filter>
    </ClInclude>
  </ItemGroup>
</Project>